<?xml version="1.0" encoding="utf-8"?>
<Project ToolsVersion="4.0" xmlns="http://schemas.microsoft.com/developer/msbuild/2003">
  <ItemGroup>
    <Filter Include="src">
      <UniqueIdentifier>{5dc02b98-ec95-45cd-a61a-f8aae605bede}</UniqueIdentifier>
    </Filter>
    <Filter Include="src\net">
      <UniqueIdentifier>{fe95c759-f92b-45fd-b892-e78ab94281ee}</UniqueIdentifier>
    </Filter>
    <Filter Include="src\model">
      <UniqueIdentifier>{3ee2de34-db3e-4f9f-84d1-4bfd53cb3491}</UniqueIdentifier>
    </Filter>
    <Filter Include="src\view">
      <UniqueIdentifier>{8a8151ce-c4f4-4058-92b5-1eb3da499e3a}</UniqueIdentifier>
    </Filter>
    <Filter Include="lib">
      <UniqueIdentifier>{7c8fe1d7-9ae5-4ca5-8ff1-1542bf137ca6}</UniqueIdentifier>
    </Filter>
    <Filter Include="lib\Centhoo">
      <UniqueIdentifier>{b8a9b85f-f2dc-4f10-a2be-78f4e192e857}</UniqueIdentifier>
    </Filter>
    <Filter Include="src\view\login">
      <UniqueIdentifier>{7dd0043b-452a-4b98-a37b-ae2282f530b0}</UniqueIdentifier>
    </Filter>
    <Filter Include="src\model\login">
      <UniqueIdentifier>{e869427f-6d30-4079-8099-6b146772578e}</UniqueIdentifier>
    </Filter>
    <Filter Include="lib\Centhoo\HTime">
      <UniqueIdentifier>{f325b3c8-5223-458c-a532-12a00ab6e416}</UniqueIdentifier>
    </Filter>
    <Filter Include="src\view\main">
      <UniqueIdentifier>{22512985-7b44-4f8f-a006-f0dd531ce649}</UniqueIdentifier>
    </Filter>
    <Filter Include="src\model\main">
      <UniqueIdentifier>{78f48535-6c7a-4a83-a3e0-150c184edd6c}</UniqueIdentifier>
    </Filter>
    <Filter Include="src\model\widget">
      <UniqueIdentifier>{03fc4d01-e1f8-4acb-b74c-c3129d5ed9f7}</UniqueIdentifier>
    </Filter>
    <Filter Include="src\view\widget">
      <UniqueIdentifier>{d8df11f8-2529-419e-b846-f0050abc5eb4}</UniqueIdentifier>
    </Filter>
    <Filter Include="src\view\main\page">
      <UniqueIdentifier>{222c1dc1-e0c9-48eb-95f4-7daf86369d14}</UniqueIdentifier>
    </Filter>
    <Filter Include="src\view\main\list">
      <UniqueIdentifier>{0291b8b6-7f10-4848-87e9-8e5c4e29c130}</UniqueIdentifier>
    </Filter>
    <Filter Include="src\model\main\list">
      <UniqueIdentifier>{ec421bdf-d023-454d-b990-930d249b534e}</UniqueIdentifier>
    </Filter>
    <Filter Include="src\data">
      <UniqueIdentifier>{55bca9be-0ebd-4eef-a4ba-7b57a256c01d}</UniqueIdentifier>
    </Filter>
    <Filter Include="src\model\widget\social">
      <UniqueIdentifier>{aed9c858-bdad-4b86-8bc2-3c6b2908ffd8}</UniqueIdentifier>
    </Filter>
    <Filter Include="include">
      <UniqueIdentifier>{68605c7a-80db-4ee2-93a2-e64adf25edd7}</UniqueIdentifier>
    </Filter>
    <Filter Include="include\inc_data">
      <UniqueIdentifier>{c396d6d0-cc51-4c29-862f-cc53f4295690}</UniqueIdentifier>
    </Filter>
    <Filter Include="include\inc_net">
      <UniqueIdentifier>{79e2125e-54a6-4eff-89cc-1f6e799e5c48}</UniqueIdentifier>
    </Filter>
    <Filter Include="include\inc_tip">
      <UniqueIdentifier>{80168263-9642-4133-a6e5-5b5d3f0283d9}</UniqueIdentifier>
    </Filter>
    <Filter Include="src\model\main\page">
      <UniqueIdentifier>{4f4244fa-7531-450f-9b85-80d4ba8d86a6}</UniqueIdentifier>
    </Filter>
    <Filter Include="src\model\widget\chat">
      <UniqueIdentifier>{4f1dc14a-fc8e-4760-9ad5-e2fea507a189}</UniqueIdentifier>
    </Filter>
    <Filter Include="src\view\widget\chat">
      <UniqueIdentifier>{87cd225b-2a7d-46e6-9ccd-6340de40dedc}</UniqueIdentifier>
    </Filter>
    <Filter Include="config">
      <UniqueIdentifier>{36948d36-22f3-484f-8a47-409dd0ab584f}</UniqueIdentifier>
    </Filter>
    <Filter Include="src\view\widget\studyaids">
      <UniqueIdentifier>{04ad0f65-ea1d-4520-a14a-5184ac6a0709}</UniqueIdentifier>
    </Filter>
    <Filter Include="src\view\widget\studyaids\focus">
      <UniqueIdentifier>{8feaef26-766c-4d91-8b30-e34fc9c0a267}</UniqueIdentifier>
    </Filter>
    <Filter Include="src\model\widget\studyaids">
      <UniqueIdentifier>{21803ad4-0483-4d38-971f-68d50bc03888}</UniqueIdentifier>
    </Filter>
    <Filter Include="src\model\widget\studyaids\focus">
      <UniqueIdentifier>{3d37f1c6-fd5e-4963-b545-852d1a544376}</UniqueIdentifier>
    </Filter>
    <Filter Include="src\view\widget\social">
      <UniqueIdentifier>{d8277a27-575c-4a66-b7b9-67b21439a7fe}</UniqueIdentifier>
    </Filter>
    <Filter Include="src\data\studyaids">
      <UniqueIdentifier>{0ba5c9f2-709a-4639-9f45-0b09c7648db9}</UniqueIdentifier>
    </Filter>
    <Filter Include="include\inc_data\studyaids">
      <UniqueIdentifier>{9957e15d-6a5b-489e-ad74-4722ccaa4935}</UniqueIdentifier>
    </Filter>
    <Filter Include="src\view\widget\studyaids\schedule">
      <UniqueIdentifier>{c6035a3e-eab6-4188-814d-68ab014f705c}</UniqueIdentifier>
    </Filter>
    <Filter Include="src\model\widget\studyaids\schedule">
      <UniqueIdentifier>{dc1be4a4-f6ef-4371-8eff-fa8ccbf3b903}</UniqueIdentifier>
    </Filter>
  </ItemGroup>
  <ItemGroup>
    <ClCompile Include="src\net\net.cpp">
      <Filter>src\net</Filter>
    </ClCompile>
    <ClCompile Include="src\model\login\loginwindow.cpp">
      <Filter>src\model\login</Filter>
    </ClCompile>
    <ClCompile Include="src\model\login\registerwindow.cpp">
      <Filter>src\model\login</Filter>
    </ClCompile>
    <ClCompile Include="lib\CenthooLib\HTime\HTime.cpp">
      <Filter>lib\Centhoo\HTime</Filter>
    </ClCompile>
    <ClCompile Include="src\model\login\infowindow.cpp">
      <Filter>src\model\login</Filter>
    </ClCompile>
    <ClCompile Include="src\model\main\mainwindow.cpp">
      <Filter>src\model\main</Filter>
    </ClCompile>
    <ClCompile Include="src\model\widget\tipwindow.cpp">
      <Filter>src\model\widget</Filter>
    </ClCompile>
    <ClCompile Include="src\model\main\page\englearnpage.cpp">
      <Filter>src\model\main\page</Filter>
    </ClCompile>
    <ClCompile Include="src\net\netcontroller.cpp">
      <Filter>src\net</Filter>
    </ClCompile>
    <ClCompile Include="src\model\widget\userinfo_changewindow.cpp">
      <Filter>src\model\widget</Filter>
    </ClCompile>
    <ClCompile Include="src\model\widget\userinfo_window.cpp">
      <Filter>src\model\widget</Filter>
    </ClCompile>
    <ClCompile Include="src\data\runtime_datamanager.cpp">
      <Filter>src\data</Filter>
    </ClCompile>
    <ClCompile Include="src\model\widget\userinfo_selfshow_window.cpp">
      <Filter>src\model\widget</Filter>
    </ClCompile>
    <ClCompile Include="src\model\widget\social\friendlistitem.cpp">
      <Filter>src\model\widget\social</Filter>
    </ClCompile>
    <ClCompile Include="src\data\local_datamanager.cpp">
      <Filter>src\data</Filter>
    </ClCompile>
    <ClCompile Include="src\model\main\page\contactspage.cpp">
      <Filter>src\model\main\page</Filter>
    </ClCompile>
    <ClCompile Include="src\model\main\list\contactslist.cpp">
      <Filter>src\model\main\list</Filter>
    </ClCompile>
    <ClCompile Include="src\model\widget\social\addfriendform.cpp">
      <Filter>src\model\widget\social</Filter>
    </ClCompile>
    <ClCompile Include="src\model\widget\social\notificationitem.cpp">
      <Filter>src\model\widget\social</Filter>
    </ClCompile>
    <ClCompile Include="src\model\main\list\chatlist.cpp">
      <Filter>src\model\main\list</Filter>
    </ClCompile>
    <ClCompile Include="src\model\widget\chat\privatechatlistitem.cpp">
      <Filter>src\model\widget\chat</Filter>
    </ClCompile>
    <ClCompile Include="src\model\main\page\chatpage.cpp">
      <Filter>src\model\main\page</Filter>
    </ClCompile>
    <ClCompile Include="src\model\widget\chat\privatedialogwidget.cpp">
      <Filter>src\model\widget\chat</Filter>
    </ClCompile>
    <ClCompile Include="src\model\widget\chat\messageblock.cpp">
      <Filter>src\model\widget\chat</Filter>
    </ClCompile>
    <ClCompile Include="src\model\widget\feedback_window.cpp">
      <Filter>src\model\widget</Filter>
    </ClCompile>
    <ClCompile Include="src\data\guard.cpp">
      <Filter>src\data</Filter>
    </ClCompile>
    <ClCompile Include="src\driver.cpp">
      <Filter>src</Filter>
    </ClCompile>
    <ClCompile Include="src\data\config_manager.cpp">
      <Filter>src\data</Filter>
    </ClCompile>
    <ClCompile Include="src\model\main\list\studyaidslist.cpp">
      <Filter>src\model\main\list</Filter>
    </ClCompile>
    <ClCompile Include="src\model\main\page\studyaidspage.cpp">
      <Filter>src\model\main\page</Filter>
    </ClCompile>
    <ClCompile Include="src\model\widget\studyaids\focus\focuswidget.cpp">
      <Filter>src\model\widget\studyaids\focus</Filter>
    </ClCompile>
    <ClCompile Include="src\model\widget\studyaids\focus\startfocus.cpp">
      <Filter>src\model\widget\studyaids\focus</Filter>
    </ClCompile>
    <ClCompile Include="src\model\widget\studyaids\focus\dataview.cpp">
      <Filter>src\model\widget\studyaids\focus</Filter>
    </ClCompile>
    <ClCompile Include="src\data\studyaids\focus_datamanager.cpp">
      <Filter>src\data\studyaids</Filter>
    </ClCompile>
    <ClCompile Include="src\model\widget\studyaids\schedule\schedulewidget.cpp">
      <Filter>src\model\widget\studyaids\schedule</Filter>
    </ClCompile>
    <ClCompile Include="src\model\widget\studyaids\schedule\todayschedule.cpp">
      <Filter>src\model\widget\studyaids\schedule</Filter>
    </ClCompile>
    <ClCompile Include="src\data\studyaids\todayschedule_datamanager.cpp">
      <Filter>src\data\studyaids</Filter>
    </ClCompile>
    <ClCompile Include="src\model\widget\studyaids\schedule\tofolistitem.cpp">
      <Filter>src\model\widget\studyaids\schedule</Filter>
    </ClCompile>
  </ItemGroup>
  <ItemGroup>
    <ClInclude Include="src\standard.hpp">
      <Filter>src</Filter>
    </ClInclude>
    <ClInclude Include="src\net\net.hpp">
      <Filter>src\net</Filter>
    </ClInclude>
    <ClInclude Include="src\view\Login\ui_loginwindow.hpp">
      <Filter>src\view\login</Filter>
    </ClInclude>
    <ClInclude Include="src\view\login\ui_registerwiondow.hpp">
      <Filter>src\view\login</Filter>
    </ClInclude>
    <ClInclude Include="lib\CenthooLib\HTime\HTime.hpp">
      <Filter>lib\Centhoo\HTime</Filter>
    </ClInclude>
    <ClInclude Include="src\view\login\ui_infowindow.hpp">
      <Filter>src\view\login</Filter>
    </ClInclude>
    <ClInclude Include="src\view\main\ui_mainwindow.hpp">
      <Filter>src\view\main</Filter>
    </ClInclude>
    <ClInclude Include="src\view\widget\ui_tipwindow.hpp">
      <Filter>src\view\widget</Filter>
    </ClInclude>
    <ClInclude Include="src\view\main\page\ui_englearnpage.hpp">
      <Filter>src\view\main\page</Filter>
    </ClInclude>
    <ClInclude Include="src\view\main\list\ui_englearnlist.hpp">
      <Filter>src\view\main\list</Filter>
    </ClInclude>
    <ClInclude Include="src\model\main\page\abstractpage.hpp">
      <Filter>src\model\main\page</Filter>
    </ClInclude>
    <ClInclude Include="src\view\main\page\ui_comchatpage.hpp">
      <Filter>src\view\main\page</Filter>
    </ClInclude>
    <ClInclude Include="src\view\main\list\ui_comchatlist.hpp">
      <Filter>src\view\main\list</Filter>
    </ClInclude>
    <ClInclude Include="src\model\main\list\abstractlist.hpp">
      <Filter>src\model\main\list</Filter>
    </ClInclude>
    <ClInclude Include="src\view\widget\ui_userinfo_changewindow.hpp">
      <Filter>src\view\widget</Filter>
    </ClInclude>
    <ClInclude Include="src\view\widget\ui_userinfo_window.hpp">
      <Filter>src\view\widget</Filter>
    </ClInclude>
    <ClInclude Include="src\model\widget\social\friendlistitem.hpp">
      <Filter>src\model\widget\social</Filter>
    </ClInclude>
    <ClInclude Include="src\view\main\list\ui_contactslist.hpp">
      <Filter>src\view\main\list</Filter>
    </ClInclude>
    <ClInclude Include="include\inc_net\extern_net.hpp">
      <Filter>include\inc_net</Filter>
    </ClInclude>
    <ClInclude Include="include\inc_data\extern_data.hpp">
      <Filter>include\inc_data</Filter>
    </ClInclude>
    <ClInclude Include="src\view\widget\social\ui_friendlistitem.hpp">
      <Filter>src\view\widget\social</Filter>
    </ClInclude>
    <ClInclude Include="include\inc_tip\extern_tipwindow.hpp">
      <Filter>include\inc_tip</Filter>
    </ClInclude>
    <ClInclude Include="src\view\widget\social\ui_addfriendform.hpp">
      <Filter>src\view\widget\social</Filter>
    </ClInclude>
    <ClInclude Include="src\view\widget\social\ui_notification.hpp">
      <Filter>src\view\widget\social</Filter>
    </ClInclude>
    <ClInclude Include="src\view\main\page\ui_contactspage.hpp">
      <Filter>src\view\main\page</Filter>
    </ClInclude>
    <ClInclude Include="src\view\main\page\ui_chatpage.hpp">
      <Filter>src\view\main\page</Filter>
    </ClInclude>
    <ClInclude Include="src\view\main\list\ui_chatlist.hpp">
      <Filter>src\view\main\list</Filter>
    </ClInclude>
    <ClInclude Include="src\view\widget\chat\ui_chatlistitem.hpp">
      <Filter>src\view\widget\chat</Filter>
    </ClInclude>
    <ClInclude Include="src\view\widget\ui_feedback.hpp">
      <Filter>src\view\widget</Filter>
    </ClInclude>
    <ClInclude Include="src\data\guard.hpp">
      <Filter>src\data</Filter>
    </ClInclude>
    <ClInclude Include="include\inc_data\extern_config.hpp">
      <Filter>include\inc_data</Filter>
    </ClInclude>
    <ClInclude Include="src\view\main\list\ui_studyaidslist.hpp">
      <Filter>src\view\main\list</Filter>
    </ClInclude>
    <ClInclude Include="src\view\main\page\ui_studyaidspage.hpp">
      <Filter>src\view\main\page</Filter>
    </ClInclude>
    <ClInclude Include="src\view\widget\studyaids\focus\focuswidget.hpp">
      <Filter>src\view\widget\studyaids\focus</Filter>
    </ClInclude>
    <ClInclude Include="src\view\widget\studyaids\focus\dataview.hpp">
      <Filter>src\view\widget\studyaids\focus</Filter>
    </ClInclude>
    <ClInclude Include="src\view\widget\studyaids\focus\startfocus.hpp">
      <Filter>src\view\widget\studyaids\focus</Filter>
    </ClInclude>
    <ClInclude Include="src\view\widget\studyaids\focus\focusfeedback.hpp">
      <Filter>src\view\widget\studyaids\focus</Filter>
    </ClInclude>
    <ClInclude Include="src\data\studyaids\focus_datamanager.hpp">
      <Filter>src\data\studyaids</Filter>
    </ClInclude>
    <ClInclude Include="include\inc_data\studyaids\smartextern_focus.hpp">
      <Filter>include\inc_data\studyaids</Filter>
    </ClInclude>
    <ClInclude Include="include\extern_application.hpp">
      <Filter>include</Filter>
    </ClInclude>
    <ClInclude Include="src\view\widget\studyaids\schedule\schedulewidget.hpp">
      <Filter>src\view\widget\studyaids\schedule</Filter>
    </ClInclude>
    <ClInclude Include="src\view\widget\studyaids\schedule\todayschedule.hpp">
      <Filter>src\view\widget\studyaids\schedule</Filter>
    </ClInclude>
    <ClInclude Include="src\view\widget\studyaids\schedule\todolistitem.hpp">
      <Filter>src\view\widget\studyaids\schedule</Filter>
    </ClInclude>
    <ClInclude Include="src\data\studyaids\todayschedule_datamanager.hpp">
      <Filter>src\data\studyaids</Filter>
    </ClInclude>
    <ClInclude Include="include\inc_data\studyaids\smartextern_todayschedule.hpp">
      <Filter>include\inc_data\studyaids</Filter>
    </ClInclude>
  </ItemGroup>
  <ItemGroup>
    <QtMoc Include="src\model\login\loginwindow.hpp">
      <Filter>src\model\login</Filter>
    </QtMoc>
    <QtMoc Include="src\model\login\registerwindow.hpp">
      <Filter>src\model\login</Filter>
    </QtMoc>
    <QtMoc Include="src\model\login\infowindow.hpp">
      <Filter>src\model\login</Filter>
    </QtMoc>
    <QtMoc Include="src\model\main\mainwindow.hpp">
      <Filter>src\model\main</Filter>
    </QtMoc>
    <QtMoc Include="src\model\widget\tipwindow.hpp">
      <Filter>src\model\widget</Filter>
    </QtMoc>
    <QtMoc Include="src\model\main\list\englearnlist.hpp">
      <Filter>src\model\main\list</Filter>
    </QtMoc>
    <QtMoc Include="src\model\main\page\englearnpage.hpp">
      <Filter>src\model\main\page</Filter>
    </QtMoc>
    <QtMoc Include="src\net\netcontroller.hpp">
      <Filter>src\net</Filter>
    </QtMoc>
    <QtMoc Include="src\model\widget\userinfo_window.hpp">
      <Filter>src\model\widget</Filter>
    </QtMoc>
    <QtMoc Include="src\model\widget\userinfo_selfshow_window.hpp">
      <Filter>src\model\widget</Filter>
    </QtMoc>
    <QtMoc Include="src\model\widget\userinfo_changewindow.hpp">
      <Filter>src\model\widget</Filter>
    </QtMoc>
    <QtMoc Include="src\data\runtime_datamanager.hpp">
      <Filter>src\data</Filter>
    </QtMoc>
    <QtMoc Include="src\data\local_datamanager.hpp">
      <Filter>src\data</Filter>
    </QtMoc>
    <QtMoc Include="src\model\main\list\contactslist.hpp">
      <Filter>src\model\main\list</Filter>
    </QtMoc>
    <QtMoc Include="src\model\main\page\contactspage.hpp">
      <Filter>src\model\main\page</Filter>
    </QtMoc>
    <QtMoc Include="src\model\widget\social\addfriendform.hpp">
      <Filter>src\model\widget\social</Filter>
    </QtMoc>
    <QtMoc Include="src\model\widget\social\notificationitem.hpp">
      <Filter>src\model\widget\social</Filter>
    </QtMoc>
    <QtMoc Include="src\model\widget\chat\privatechatlistitem.hpp">
      <Filter>src\model\widget\chat</Filter>
    </QtMoc>
    <QtMoc Include="src\model\main\list\chatlist.hpp">
      <Filter>src\model\main\list</Filter>
    </QtMoc>
    <QtMoc Include="src\model\main\page\chatpage.hpp">
      <Filter>src\model\main\page</Filter>
    </QtMoc>
    <QtMoc Include="src\model\widget\chat\privatedialogwidget.hpp">
      <Filter>src\model\widget\chat</Filter>
    </QtMoc>
    <QtMoc Include="src\model\widget\chat\messageblock.hpp">
      <Filter>src\model\widget\chat</Filter>
    </QtMoc>
    <QtMoc Include="src\model\widget\feedback_window.hpp">
      <Filter>src\model\widget</Filter>
    </QtMoc>
    <QtMoc Include="src\data\config_manager.hpp">
      <Filter>src\data</Filter>
    </QtMoc>
    <QtMoc Include="src\model\main\list\studyaidslist.hpp">
      <Filter>src\model\main\list</Filter>
    </QtMoc>
    <QtMoc Include="src\model\main\page\studyaidspage.hpp">
      <Filter>src\model\main\page</Filter>
    </QtMoc>
    <QtMoc Include="src\model\widget\studyaids\focus\focuswidget.hpp">
      <Filter>src\model\widget\studyaids\focus</Filter>
    </QtMoc>
    <QtMoc Include="src\model\widget\studyaids\focus\startfocus.hpp">
      <Filter>src\model\widget\studyaids\focus</Filter>
    </QtMoc>
    <QtMoc Include="src\model\widget\studyaids\focus\dataview.hpp">
      <Filter>src\model\widget\studyaids\focus</Filter>
    </QtMoc>
    <QtMoc Include="src\model\widget\studyaids\focus\focusfeedback.hpp">
      <Filter>src\model\widget\studyaids\focus</Filter>
    </QtMoc>
    <QtMoc Include="src\model\widget\studyaids\focus\dataviewlistitem.hpp">
      <Filter>src\model\widget\studyaids\focus</Filter>
    </QtMoc>
    <QtMoc Include="src\model\widget\studyaids\schedule\schedulewidget.hpp">
      <Filter>src\model\widget\studyaids\schedule</Filter>
    </QtMoc>
    <QtMoc Include="src\model\widget\studyaids\schedule\todayschedule.hpp">
      <Filter>src\model\widget\studyaids\schedule</Filter>
    </QtMoc>
    <QtMoc Include="src\model\widget\studyaids\schedule\todolistitem.hpp">
      <Filter>src\model\widget\studyaids\schedule</Filter>
    </QtMoc>
  </ItemGroup>
  <ItemGroup>
    <None Include="cpp.hint" />
    <None Include="config\logininfo.json">
      <Filter>config</Filter>
    </None>
    <None Include="config\netconfig.json">
      <Filter>config</Filter>
    </None>
  </ItemGroup>
</Project>