
Microsoft Visual Studio Solution File, Format Version 12.00
# Visual Studio Version 17
VisualStudioVersion = 17.4.33213.308
MinimumVisualStudioVersion = 10.0.40219.1
Project("{8BC9CEB8-8B4A-11D0-8D11-00A0C91BC942}") = "StudySpaceClient", "StudySpaceClient.vcxproj", "{EB486189-0690-4741-AEA9-06FD475BC3BA}"
EndProject
Global
	GlobalSection(SolutionConfigurationPlatforms) = preSolution
		Debug|x64 = Debug|x64
		Release|x64 = Release|x64
	EndGlobalSection
	GlobalSection(ProjectConfigurationPlatforms) = postSolution
		{EB486189-0690-4741-AEA9-06FD475BC3BA}.Debug|x64.ActiveCfg = Debug|x64
		{EB486189-0690-4741-AEA9-06FD475BC3BA}.Debug|x64.Build.0 = Debug|x64
		{EB486189-0690-4741-AEA9-06FD475BC3BA}.Release|x64.ActiveCfg = Release|x64
		{EB486189-0690-4741-AEA9-06FD475BC3BA}.Release|x64.Build.0 = Release|x64
	EndGlobalSection
	GlobalSection(SolutionProperties) = preSolution
		HideSolutionNode = FALSE
	EndGlobalSection
	GlobalSection(ExtensibilityGlobals) = postSolution
		SolutionGuid = {14F6448D-2CA1-402F-85A1-1C3572E16B4D}
	EndGlobalSection
EndGlobal
