<?xml version="1.0" encoding="utf-8"?>
<Project ToolsVersion="4.0" xmlns="http://schemas.microsoft.com/developer/msbuild/2003">
  <ItemGroup>
    <Filter Include="src">
      <UniqueIdentifier>{5dc02b98-ec95-45cd-a61a-f8aae605bede}</UniqueIdentifier>
    </Filter>
    <Filter Include="src\net">
      <UniqueIdentifier>{fe95c759-f92b-45fd-b892-e78ab94281ee}</UniqueIdentifier>
    </Filter>
    <Filter Include="src\model">
      <UniqueIdentifier>{3ee2de34-db3e-4f9f-84d1-4bfd53cb3491}</UniqueIdentifier>
    </Filter>
    <Filter Include="src\view">
      <UniqueIdentifier>{8a8151ce-c4f4-4058-92b5-1eb3da499e3a}</UniqueIdentifier>
    </Filter>
    <Filter Include="lib">
      <UniqueIdentifier>{7c8fe1d7-9ae5-4ca5-8ff1-1542bf137ca6}</UniqueIdentifier>
    </Filter>
    <Filter Include="lib\Centhoo">
      <UniqueIdentifier>{b8a9b85f-f2dc-4f10-a2be-78f4e192e857}</UniqueIdentifier>
    </Filter>
    <Filter Include="lib\Centhoo\HData">
      <UniqueIdentifier>{e268504f-e845-4d48-9c96-701c2484621b}</UniqueIdentifier>
    </Filter>
    <Filter Include="src\view\login">
      <UniqueIdentifier>{7dd0043b-452a-4b98-a37b-ae2282f530b0}</UniqueIdentifier>
    </Filter>
    <Filter Include="src\model\login">
      <UniqueIdentifier>{e869427f-6d30-4079-8099-6b146772578e}</UniqueIdentifier>
    </Filter>
    <Filter Include="lib\Centhoo\HTime">
      <UniqueIdentifier>{f325b3c8-5223-458c-a532-12a00ab6e416}</UniqueIdentifier>
    </Filter>
    <Filter Include="src\view\main">
      <UniqueIdentifier>{22512985-7b44-4f8f-a006-f0dd531ce649}</UniqueIdentifier>
    </Filter>
    <Filter Include="src\model\main">
      <UniqueIdentifier>{78f48535-6c7a-4a83-a3e0-150c184edd6c}</UniqueIdentifier>
    </Filter>
    <Filter Include="src\model\widget">
      <UniqueIdentifier>{03fc4d01-e1f8-4acb-b74c-c3129d5ed9f7}</UniqueIdentifier>
    </Filter>
    <Filter Include="src\view\widget">
      <UniqueIdentifier>{d8df11f8-2529-419e-b846-f0050abc5eb4}</UniqueIdentifier>
    </Filter>
    <Filter Include="src\model\main\page">
      <UniqueIdentifier>{4f4244fa-7531-450f-9b85-80d4ba8d86a6}</UniqueIdentifier>
    </Filter>
    <Filter Include="src\view\main\page">
      <UniqueIdentifier>{222c1dc1-e0c9-48eb-95f4-7daf86369d14}</UniqueIdentifier>
    </Filter>
    <Filter Include="src\view\main\list">
      <UniqueIdentifier>{0291b8b6-7f10-4848-87e9-8e5c4e29c130}</UniqueIdentifier>
    </Filter>
    <Filter Include="src\model\main\list">
      <UniqueIdentifier>{ec421bdf-d023-454d-b990-930d249b534e}</UniqueIdentifier>
    </Filter>
  </ItemGroup>
  <ItemGroup>
    <ClCompile Include="src\driver.cpp">
      <Filter>src</Filter>
    </ClCompile>
    <ClCompile Include="src\net\net.cpp">
      <Filter>src\net</Filter>
    </ClCompile>
    <ClCompile Include="lib\CenthooLib\HData\HData.cpp">
      <Filter>lib\Centhoo\HData</Filter>
    </ClCompile>
    <ClCompile Include="lib\CenthooLib\HData\HDataItem.cpp">
      <Filter>lib\Centhoo\HData</Filter>
    </ClCompile>
    <ClCompile Include="lib\CenthooLib\HData\HWData.cpp">
      <Filter>lib\Centhoo\HData</Filter>
    </ClCompile>
    <ClCompile Include="lib\CenthooLib\HData\HWDataItem.cpp">
      <Filter>lib\Centhoo\HData</Filter>
    </ClCompile>
    <ClCompile Include="src\model\login\loginwindow.cpp">
      <Filter>src\model\login</Filter>
    </ClCompile>
    <ClCompile Include="src\model\login\registerwindow.cpp">
      <Filter>src\model\login</Filter>
    </ClCompile>
    <ClCompile Include="lib\CenthooLib\HTime\HTime.cpp">
      <Filter>lib\Centhoo\HTime</Filter>
    </ClCompile>
    <ClCompile Include="src\model\login\infowindow.cpp">
      <Filter>src\model\login</Filter>
    </ClCompile>
    <ClCompile Include="src\model\main\mainwindow.cpp">
      <Filter>src\model\main</Filter>
    </ClCompile>
    <ClCompile Include="src\model\widget\messagewidget.cpp">
      <Filter>src\model\widget</Filter>
    </ClCompile>
    <ClCompile Include="src\model\widget\tipwindow.cpp">
      <Filter>src\model\widget</Filter>
    </ClCompile>
    <ClCompile Include="src\model\main\page\chatpage.cpp">
      <Filter>src\model\main\page</Filter>
    </ClCompile>
    <ClCompile Include="src\model\main\page\englearnpage.cpp">
      <Filter>src\model\main\page</Filter>
    </ClCompile>
    <ClCompile Include="src\net\netcontroller.cpp">
      <Filter>src\net</Filter>
    </ClCompile>
  </ItemGroup>
  <ItemGroup>
    <ClInclude Include="src\standard.hpp">
      <Filter>src</Filter>
    </ClInclude>
    <ClInclude Include="src\net\net.hpp">
      <Filter>src\net</Filter>
    </ClInclude>
    <ClInclude Include="lib\CenthooLib\HData\HData.hpp">
      <Filter>lib\Centhoo\HData</Filter>
    </ClInclude>
    <ClInclude Include="src\view\Login\ui_loginwindow.hpp">
      <Filter>src\view\login</Filter>
    </ClInclude>
    <ClInclude Include="src\view\login\ui_registerwiondow.hpp">
      <Filter>src\view\login</Filter>
    </ClInclude>
    <ClInclude Include="lib\CenthooLib\HTime\HTime.hpp">
      <Filter>lib\Centhoo\HTime</Filter>
    </ClInclude>
    <ClInclude Include="src\view\login\ui_infowindow.hpp">
      <Filter>src\view\login</Filter>
    </ClInclude>
    <ClInclude Include="src\view\main\ui_mainwindow.hpp">
      <Filter>src\view\main</Filter>
    </ClInclude>
    <ClInclude Include="src\view\widget\ui_tipwindow.hpp">
      <Filter>src\view\widget</Filter>
    </ClInclude>
    <ClInclude Include="src\view\main\page\uichatpage.hpp">
      <Filter>src\view\main\page</Filter>
    </ClInclude>
    <ClInclude Include="src\view\main\list\uicomchat.hpp">
      <Filter>src\view\main\list</Filter>
    </ClInclude>
    <ClInclude Include="src\view\main\page\ui_englearnpage.hpp">
      <Filter>src\view\main\page</Filter>
    </ClInclude>
    <ClInclude Include="src\view\main\list\ui_englearnlist.hpp">
      <Filter>src\view\main\list</Filter>
    </ClInclude>
  </ItemGroup>
  <ItemGroup>
    <QtUic Include="src\view\login\registerwindow.ui">
      <Filter>src\view\login</Filter>
    </QtUic>
    <QtUic Include="src\view\login\loginwindow.ui">
      <Filter>src\view\login</Filter>
    </QtUic>
    <QtUic Include="src\view\login\infowindow.ui">
      <Filter>src\view\login</Filter>
    </QtUic>
    <QtUic Include="src\view\widget\tipwindow.ui">
      <Filter>src\view\widget</Filter>
    </QtUic>
    <QtUic Include="src\view\main\page\chatpage.ui">
      <Filter>src\view\main\page</Filter>
    </QtUic>
    <QtUic Include="src\view\main\list\comchat.ui">
      <Filter>src\view\main\list</Filter>
    </QtUic>
    <QtUic Include="src\view\main\page\englearnpage.ui">
      <Filter>src\view\main\page</Filter>
    </QtUic>
    <QtUic Include="src\view\main\list\englearnlist.ui">
      <Filter>src\view\main\list</Filter>
    </QtUic>
  </ItemGroup>
  <ItemGroup>
    <QtMoc Include="src\model\login\loginwindow.hpp">
      <Filter>src\model\login</Filter>
    </QtMoc>
    <QtMoc Include="src\model\login\registerwindow.hpp">
      <Filter>src\model\login</Filter>
    </QtMoc>
    <QtMoc Include="src\model\login\infowindow.hpp">
      <Filter>src\model\login</Filter>
    </QtMoc>
    <QtMoc Include="src\model\main\mainwindow.hpp">
      <Filter>src\model\main</Filter>
    </QtMoc>
    <QtMoc Include="src\model\widget\messagewidget.hpp">
      <Filter>src\model\widget</Filter>
    </QtMoc>
    <QtMoc Include="src\model\widget\tipwindow.hpp">
      <Filter>src\model\widget</Filter>
    </QtMoc>
    <QtMoc Include="src\model\main\page\chatpage.hpp">
      <Filter>src\model\main\page</Filter>
    </QtMoc>
    <QtMoc Include="src\model\main\list\comchat.hpp">
      <Filter>src\model\main\list</Filter>
    </QtMoc>
    <QtMoc Include="src\model\main\list\englearnlist.hpp">
      <Filter>src\model\main\list</Filter>
    </QtMoc>
    <QtMoc Include="src\model\main\page\englearnpage.hpp">
      <Filter>src\model\main\page</Filter>
    </QtMoc>
    <QtMoc Include="src\net\netcontroller.hpp">
      <Filter>src\net</Filter>
    </QtMoc>
  </ItemGroup>
  <ItemGroup>
    <None Include="cpp.hint" />
  </ItemGroup>
</Project>